
Microsoft Visual Studio Solution File, Format Version 12.00
# Visual Studio Version 16
VisualStudioVersion = 16.0.29403.142
MinimumVisualStudioVersion = 10.0.40219.1
Project("{FAE04EC0-301F-11D3-BF4B-00C04F79EFBC}") = "Client", "Client\Client.csproj", "{7E06DD1D-4652-42E9-A772-3476D56BDFDA}"
EndProject
Project("{FAE04EC0-301F-11D3-BF4B-00C04F79EFBC}") = "Server", "Server\Server.csproj", "{FBFBA809-1DFB-4748-A07C-45ECBF9BA1E1}"
EndProject
Project("{FAE04EC0-301F-11D3-BF4B-00C04F79EFBC}") = "API", "API\API.csproj", "{CA91C41C-06FC-49D0-94A5-022A0E60BF6E}"
EndProject
Project("{FAE04EC0-301F-11D3-BF4B-00C04F79EFBC}") = "PCS", "PCS\PCS.csproj", "{2A75139F-4EC6-4B20-9BC2-5C5D210B52D6}"
EndProject
Project("{FAE04EC0-301F-11D3-BF4B-00C04F79EFBC}") = "PM", "PM\PM.csproj", "{BD402FAF-97C1-4450-B606-EF0FA02AA854}"
EndProject
Global
	GlobalSection(SolutionConfigurationPlatforms) = preSolution
		Debug|Any CPU = Debug|Any CPU
		Release|Any CPU = Release|Any CPU
	EndGlobalSection
	GlobalSection(ProjectConfigurationPlatforms) = postSolution
		{7E06DD1D-4652-42E9-A772-3476D56BDFDA}.Debug|Any CPU.ActiveCfg = Debug|Any CPU
		{7E06DD1D-4652-42E9-A772-3476D56BDFDA}.Debug|Any CPU.Build.0 = Debug|Any CPU
		{7E06DD1D-4652-42E9-A772-3476D56BDFDA}.Release|Any CPU.ActiveCfg = Release|Any CPU
		{7E06DD1D-4652-42E9-A772-3476D56BDFDA}.Release|Any CPU.Build.0 = Release|Any CPU
		{FBFBA809-1DFB-4748-A07C-45ECBF9BA1E1}.Debug|Any CPU.ActiveCfg = Debug|Any CPU
		{FBFBA809-1DFB-4748-A07C-45ECBF9BA1E1}.Debug|Any CPU.Build.0 = Debug|Any CPU
		{FBFBA809-1DFB-4748-A07C-45ECBF9BA1E1}.Release|Any CPU.ActiveCfg = Release|Any CPU
		{FBFBA809-1DFB-4748-A07C-45ECBF9BA1E1}.Release|Any CPU.Build.0 = Release|Any CPU
		{CA91C41C-06FC-49D0-94A5-022A0E60BF6E}.Debug|Any CPU.ActiveCfg = Debug|Any CPU
		{CA91C41C-06FC-49D0-94A5-022A0E60BF6E}.Debug|Any CPU.Build.0 = Debug|Any CPU
		{CA91C41C-06FC-49D0-94A5-022A0E60BF6E}.Release|Any CPU.ActiveCfg = Release|Any CPU
		{CA91C41C-06FC-49D0-94A5-022A0E60BF6E}.Release|Any CPU.Build.0 = Release|Any CPU
		{2A75139F-4EC6-4B20-9BC2-5C5D210B52D6}.Debug|Any CPU.ActiveCfg = Debug|Any CPU
		{2A75139F-4EC6-4B20-9BC2-5C5D210B52D6}.Debug|Any CPU.Build.0 = Debug|Any CPU
		{2A75139F-4EC6-4B20-9BC2-5C5D210B52D6}.Release|Any CPU.ActiveCfg = Release|Any CPU
		{2A75139F-4EC6-4B20-9BC2-5C5D210B52D6}.Release|Any CPU.Build.0 = Release|Any CPU
		{BD402FAF-97C1-4450-B606-EF0FA02AA854}.Debug|Any CPU.ActiveCfg = Debug|Any CPU
		{BD402FAF-97C1-4450-B606-EF0FA02AA854}.Debug|Any CPU.Build.0 = Debug|Any CPU
		{BD402FAF-97C1-4450-B606-EF0FA02AA854}.Release|Any CPU.ActiveCfg = Release|Any CPU
		{BD402FAF-97C1-4450-B606-EF0FA02AA854}.Release|Any CPU.Build.0 = Release|Any CPU
	EndGlobalSection
	GlobalSection(SolutionProperties) = preSolution
		HideSolutionNode = FALSE
	EndGlobalSection
	GlobalSection(ExtensibilityGlobals) = postSolution
		SolutionGuid = {AB4C7466-5766-45B2-B3CF-A7E1BC7F3BD6}
	EndGlobalSection
EndGlobal
